github.com/gethinode/mod-bootstrap v1.3.0 h1:UxNmXgXo7gA8C8z1ar47+tSccmKYpaYBBN+txB0pwBk=
github.com/gethinode/mod-bootstrap v1.3.0/go.mod h1:CL9IDot6nbXIWJYE/KxfsTdYYEJIGL17BXbAYPn+wVQ=
github.com/gethinode/mod-bootstrap v1.3.1 h1:ZUX72St0WZ5tyXpEPBJlayX/dmCH3cGErzsozkUKCok=
github.com/gethinode/mod-bootstrap v1.3.1/go.mod h1:CL9IDot6nbXIWJYE/KxfsTdYYEJIGL17BXbAYPn+wVQ=
github.com/gethinode/mod-bootstrap v1.3.2 h1:mf9Qgr+xHZeHjZGYFdurETfdEKKldB158fpjH0GoaNU=
github.com/gethinode/mod-bootstrap v1.3.2/go.mod h1:CL9IDot6nbXIWJYE/KxfsTdYYEJIGL17BXbAYPn+wVQ=
github.com/gethinode/mod-simple-datatables v1.0.0 h1:Dj4WGw12OkaimwkCpLn5Jhmd49dvNJW9O2P/W9F+HlQ=
github.com/gethinode/mod-simple-datatables v1.0.0/go.mod h1:K8T7fIdb8pMOB+OSW4A5lz5IW99+HyzcTgx764fvOGw=
github.com/gethinode/mod-simple-datatables v1.0.2 h1:zhqxHet3iLQWYCBbGROALpOY9zQlptMycFkz1Tto5bA=
github.com/gethinode/mod-simple-datatables v1.0.2/go.mod h1:mmrcvAJU2i3SMU56VmQ5PW43uDXBcsJKcZwCHrvl3Kc=
github.com/gethinode/mod-simple-datatables v1.0.3 h1:JL2nBlEHWMmkE7EZrpfpmzka47dklJUh23/xKJkOQoI=
github.com/gethinode/mod-simple-datatables v1.0.3/go.mod h1:mmrcvAJU2i3SMU56VmQ5PW43uDXBcsJKcZwCHrvl3Kc=
github.com/gethinode/mod-simple-datatables v1.0.5 h1:2Aa4k1Bd1WEYHbskFQj+1X35BB7abB8RXHE7Uk2N4pg=
github.com/gethinode/mod-simple-datatables v1.0.5/go.mod h1:mmrcvAJU2i3SMU56VmQ5PW43uDXBcsJKcZwCHrvl3Kc=
github.com/gethinode/mod-simple-datatables v1.0.6 h1:voKiwLAfC7kfD+atv7ah0sOf8OcPRyxEB/Q92gx1d00=
github.com/gethinode/mod-simple-datatables v1.0.6/go.mod h1:Y7AzIYAWpzDKLvH96eqBA/Gs3jompWCgxadLuoKZ/rc=
github.com/gethinode/mod-simple-datatables v1.0.7 h1:pfxWhgmn/njJcynNIDnUyeOBW0tsy2E4TP21sEYsqRs=
github.com/gethinode/mod-simple-datatables v1.0.7/go.mod h1:Y7AzIYAWpzDKLvH96eqBA/Gs3jompWCgxadLuoKZ/rc=
github.com/gethinode/mod-simple-datatables v1.0.8 h1:J8hA+SXdTLaRNZwN70ZEyADn+VgNoAaxVDMXsMPTZBg=
github.com/gethinode/mod-simple-datatables v1.0.8/go.mod h1:RsTHWAt1J9/m7kzhYNSJB7CDyk+8DrG+46/aFrP6KJw=
github.com/gethinode/mod-simple-datatables v1.0.9 h1:8OnpY/axFkgxJ598DHW4nDtxsCYmgTakAG4ZC2wRS3A=
github.com/gethinode/mod-simple-datatables v1.0.9/go.mod h1:rgQWdDZ6lTR9+08dGY1zBDLZI/UneKPufakAK20+lmI=
github.com/gethinode/mod-simple-datatables v1.0.10 h1:/nYy4oCgooUJhTBgLdQzMnJEjolkD+dp2nkfLNT9Klg=
github.com/gethinode/mod-simple-datatables v1.0.10/go.mod h1:rgQWdDZ6lTR9+08dGY1zBDLZI/UneKPufakAK20+lmI=
github.com/gethinode/mod-simple-datatables v1.0.12 h1:myyVp1ctQA6j+5UTWcDwQmy8ipXdjs8T+qpTpRPBPII=
github.com/gethinode/mod-simple-datatables v1.0.12/go.mod h1:QuH7wz1igohzCgL76xI1960mFxPPrqgvGtLwR/0cFyQ=
github.com/gethinode/mod-simple-datatables v1.0.13 h1:3GTn46Zh56SFzCUP7CUSrmp/ZoiaVG19q4xdObSx6Pc=
github.com/gethinode/mod-simple-datatables v1.0.13/go.mod h1:a2qIdYegX5gBubGbspuHv/2UA/8O89oUG/U5hd7jLK8=
github.com/gethinode/mod-simple-datatables v1.0.14 h1:332WtbaQtTm7VP0b7zYfpogTBcOEetkJrNd01K4d/JE=
github.com/gethinode/mod-simple-datatables v1.0.14/go.mod h1:mP3yjAdVE1G6JHfv8VVsRmvaPlPwddXknI675AuVs2I=
github.com/gethinode/mod-simple-datatables v1.1.0 h1:Qc8eJOcVjxIHNfgrZf/bKe8+spCLrJTVwsC8d9ct7i0=
github.com/gethinode/mod-simple-datatables v1.1.0/go.mod h1:8q/6f3uAPNTTP5NjEJOuXr6tEWelRFLJfzVJ3AODMlQ=
github.com/gethinode/mod-simple-datatables v1.1.1 h1:rzX3+rsOfcW9Z8wiQ1Fp6Ry5TkcJ0nG849xKzjDBbGE=
github.com/gethinode/mod-simple-datatables v1.1.1/go.mod h1:8q/6f3uAPNTTP5NjEJOuXr6tEWelRFLJfzVJ3AODMlQ=
github.com/gethinode/mod-simple-datatables v1.1.3 h1:a+uIfgc6c+9Zc38Q+Kzd3cWeFhC8BW/rP9/rnd2/ZKM=
github.com/gethinode/mod-simple-datatables v1.1.3/go.mod h1:8q/6f3uAPNTTP5NjEJOuXr6tEWelRFLJfzVJ3AODMlQ=
github.com/gethinode/mod-simple-datatables v1.1.4 h1:8+uwaEBoh8N2T2sHlcIcxqAGaHPqT0YhPBmr2SFWBCY=
github.com/gethinode/mod-simple-datatables v1.1.4/go.mod h1:8q/6f3uAPNTTP5NjEJOuXr6tEWelRFLJfzVJ3AODMlQ=
github.com/gethinode/mod-simple-datatables v1.1.5 h1:DKJ+aR94mekzcDwOnm6MJ/+MjAzal+GSYQXSdn0HRdc=
github.com/gethinode/mod-simple-datatables v1.1.5/go.mod h1:bvMdmQFk4Hvyltf/QhMqUaApvPbIGTnbI3JLjOEh8go=
github.com/gethinode/mod-simple-datatables v1.1.6 h1:7nPeRwHlYbmlNEg7fBV6FyXqpxWW6ZAemaZyYxpIF8U=
github.com/gethinode/mod-simple-datatables v1.1.6/go.mod h1:bvMdmQFk4Hvyltf/QhMqUaApvPbIGTnbI3JLjOEh8go=
github.com/gethinode/mod-utils/v2 v2.3.10 h1:+coUXdgAbLEE8Tvb3Rfk/1Nr6oDVreXI2sil0pa/n2Q=
github.com/gethinode/mod-utils/v2 v2.3.10/go.mod h1:GTYeknoLujNjfDxI+V9Dcug26CYJSTJ0B/U2dagw9oY=
github.com/gethinode/mod-utils/v2 v2.4.0 h1:mmG4hWaeA4krAg933pibH+TrjFmPHkAi/DUbe3SM38I=
github.com/gethinode/mod-utils/v2 v2.4.0/go.mod h1:GTYeknoLujNjfDxI+V9Dcug26CYJSTJ0B/U2dagw9oY=
github.com/gethinode/mod-utils/v2 v2.5.2 h1:URGTpJo0dN4/oF2yL6o2d2pkcSlG1F0hgIF9UqpIs/E=
github.com/gethinode/mod-utils/v2 v2.5.2/go.mod h1:GTYeknoLujNjfDxI+V9Dcug26CYJSTJ0B/U2dagw9oY=
github.com/gethinode/mod-utils/v2 v2.8.0 h1:BdB+onItuO29g5ZLEz/HEwq9c4xBEM4GGqQc3kQ++js=
github.com/gethinode/mod-utils/v2 v2.8.0/go.mod h1:GTYeknoLujNjfDxI+V9Dcug26CYJSTJ0B/U2dagw9oY=
github.com/gethinode/mod-utils/v2 v2.8.1 h1:u7sFbgJ5sBEMYC/GwcMRyjRAd5NxTjBnbld5b0V5n98=
github.com/gethinode/mod-utils/v2 v2.8.1/go.mod h1:GTYeknoLujNjfDxI+V9Dcug26CYJSTJ0B/U2dagw9oY=
github.com/gethinode/mod-utils/v2 v2.8.2 h1:rKndAMmRBSO5Cgoa/2CvF5XchDSvLvd4TYAbfbbQVhE=
github.com/gethinode/mod-utils/v2 v2.8.2/go.mod h1:GTYeknoLujNjfDxI+V9Dcug26CYJSTJ0B/U2dagw9oY=
github.com/gethinode/mod-utils/v2 v2.8.3 h1:t1MJcIdFhYi0gCkm8f0DYZwyfq7pRdRc0eNpqZa11ic=
github.com/gethinode/mod-utils/v2 v2.8.3/go.mod h1:GTYeknoLujNjfDxI+V9Dcug26CYJSTJ0B/U2dagw9oY=
github.com/gethinode/mod-utils/v2 v2.8.4 h1:ZBkIxFezFz2IrbTt0Y3Nq5ac7klU5N8TY19Qnj5px4M=
github.com/gethinode/mod-utils/v2 v2.8.4/go.mod h1:GTYeknoLujNjfDxI+V9Dcug26CYJSTJ0B/U2dagw9oY=
github.com/gethinode/mod-utils/v2 v2.8.5 h1:e71ncO2NYpum7JTdNTwb0lw8aDe8Zc64Ehjavy8x9xM=
github.com/gethinode/mod-utils/v2 v2.8.5/go.mod h1:GTYeknoLujNjfDxI+V9Dcug26CYJSTJ0B/U2dagw9oY=
github.com/gethinode/mod-utils/v2 v2.8.6 h1:gtTtL37YPq1n/POIzbj40aYOg1VaZq8IjqwSf2V5yo0=
github.com/gethinode/mod-utils/v2 v2.8.6/go.mod h1:GTYeknoLujNjfDxI+V9Dcug26CYJSTJ0B/U2dagw9oY=
github.com/gethinode/mod-utils/v2 v2.9.0 h1:IGaYO+DNo7CcplyAUJASP1sf10/EqiG8sVVM1Q4SJKc=
github.com/gethinode/mod-utils/v2 v2.9.0/go.mod h1:GTYeknoLujNjfDxI+V9Dcug26CYJSTJ0B/U2dagw9oY=
github.com/twbs/bootstrap v5.3.3+incompatible h1:goFoqinzdHfkeegpFP7pvhbd0g+A3O2hbU3XCjuNrEQ=
github.com/twbs/bootstrap v5.3.3+incompatible/go.mod h1:fZTSrkpSf0/HkL0IIJzvVspTt1r9zuf7XlZau8kpcY0=
